
Microsoft Visual Studio Solution File, Format Version 12.00
# Visual Studio Version 17
VisualStudioVersion = 17.5.33516.290
MinimumVisualStudioVersion = 10.0.40219.1
Project("{FAE04EC0-301F-11D3-BF4B-00C04F79EFBC}") = "AccessSystem", "AccessSystem\AccessSystem.csproj", "{09F456F1-7949-4345-A875-43C3817FAF42}"
EndProject
Global
	GlobalSection(SolutionConfigurationPlatforms) = preSolution
		Debug|Any CPU = Debug|Any CPU
		Release|Any CPU = Release|Any CPU
	EndGlobalSection
	GlobalSection(ProjectConfigurationPlatforms) = postSolution
		{09F456F1-7949-4345-A875-43C3817FAF42}.Debug|Any CPU.ActiveCfg = Debug|Any CPU
		{09F456F1-7949-4345-A875-43C3817FAF42}.Debug|Any CPU.Build.0 = Debug|Any CPU
		{09F456F1-7949-4345-A875-43C3817FAF42}.Release|Any CPU.ActiveCfg = Release|Any CPU
		{09F456F1-7949-4345-A875-43C3817FAF42}.Release|Any CPU.Build.0 = Release|Any CPU
	EndGlobalSection
	GlobalSection(SolutionProperties) = preSolution
		HideSolutionNode = FALSE
	EndGlobalSection
	GlobalSection(ExtensibilityGlobals) = postSolution
		SolutionGuid = {FA252400-0A56-402B-AD71-51E387235606}
	EndGlobalSection
EndGlobal
